
Microsoft Visual Studio Solution File, Format Version 12.00
# Visual Studio Version 17
VisualStudioVersion = 17.11.35312.102
MinimumVisualStudioVersion = 10.0.40219.1
Project("{8BC9CEB8-8B4A-11D0-8D11-00A0C91BC942}") = "SDL", "SDL\SDL.vcxproj", "{BEAA4124-EAE7-4306-8941-F33931794B64}"
EndProject
Global
	GlobalSection(SolutionConfigurationPlatforms) = preSolution
		Debug|x64 = Debug|x64
		Debug|x86 = Debug|x86
		Release|x64 = Release|x64
		Release|x86 = Release|x86
	EndGlobalSection
	GlobalSection(ProjectConfigurationPlatforms) = postSolution
		{BEAA4124-EAE7-4306-8941-F33931794B64}.Debug|x64.ActiveCfg = Debug|x64
		{BEAA4124-EAE7-4306-8941-F33931794B64}.Debug|x64.Build.0 = Debug|x64
		{BEAA4124-EAE7-4306-8941-F33931794B64}.Debug|x86.ActiveCfg = Debug|Win32
		{BEAA4124-EAE7-4306-8941-F33931794B64}.Debug|x86.Build.0 = Debug|Win32
		{BEAA4124-EAE7-4306-8941-F33931794B64}.Release|x64.ActiveCfg = Release|x64
		{BEAA4124-EAE7-4306-8941-F33931794B64}.Release|x64.Build.0 = Release|x64
		{BEAA4124-EAE7-4306-8941-F33931794B64}.Release|x86.ActiveCfg = Release|Win32
		{BEAA4124-EAE7-4306-8941-F33931794B64}.Release|x86.Build.0 = Release|Win32
	EndGlobalSection
	GlobalSection(SolutionProperties) = preSolution
		HideSolutionNode = FALSE
	EndGlobalSection
	GlobalSection(ExtensibilityGlobals) = postSolution
		SolutionGuid = {6468DB45-1E0D-432C-B70C-7C6C989DD622}
	EndGlobalSection
EndGlobal
